// !$*UTF8*$!
{
	archiveVersion = 1;
	classes = {
	};
	objectVersion = 46;
	objects = {

/* Begin PBXBuildFile section */
		A036F6791DC2697D00D6B922 /* HomeViewController.swift in Sources */ = {isa = PBXBuildFile; fileRef = A0984E711DC263EF005EC46D /* HomeViewController.swift */; };
		A036F67C1DC26D0800D6B922 /* UIBarButtonItem-Extension.swift in Sources */ = {isa = PBXBuildFile; fileRef = A036F67B1DC26D0800D6B922 /* UIBarButtonItem-Extension.swift */; };
		A036F67E1DC28BA100D6B922 /* PageTitleView.swift in Sources */ = {isa = PBXBuildFile; fileRef = A036F67D1DC28BA100D6B922 /* PageTitleView.swift */; };
		A036F6801DC28D0C00D6B922 /* Common.swift in Sources */ = {isa = PBXBuildFile; fileRef = A036F67F1DC28D0C00D6B922 /* Common.swift */; };
		A036F6821DC2C23000D6B922 /* PageContentView.swift in Sources */ = {isa = PBXBuildFile; fileRef = A036F6811DC2C23000D6B922 /* PageContentView.swift */; };
		A036F6841DC2D35F00D6B922 /* UIColor-Extension.swift in Sources */ = {isa = PBXBuildFile; fileRef = A036F6831DC2D35F00D6B922 /* UIColor-Extension.swift */; };
		A036F6861DC5AA5D00D6B922 /* RecommandViewController.swift in Sources */ = {isa = PBXBuildFile; fileRef = A036F6851DC5AA5D00D6B922 /* RecommandViewController.swift */; };
		A036F6891DC5B68B00D6B922 /* HeaderCollectionReusableView.swift in Sources */ = {isa = PBXBuildFile; fileRef = A036F6871DC5B68B00D6B922 /* HeaderCollectionReusableView.swift */; };
		A036F68A1DC5B68B00D6B922 /* HeaderCollectionReusableView.xib in Resources */ = {isa = PBXBuildFile; fileRef = A036F6881DC5B68B00D6B922 /* HeaderCollectionReusableView.xib */; };
		A036F68D1DC5BF5500D6B922 /* CollectionNormalCell.swift in Sources */ = {isa = PBXBuildFile; fileRef = A036F68B1DC5BF5500D6B922 /* CollectionNormalCell.swift */; };
		A036F68E1DC5BF5500D6B922 /* CollectionNormalCell.xib in Resources */ = {isa = PBXBuildFile; fileRef = A036F68C1DC5BF5500D6B922 /* CollectionNormalCell.xib */; };
		A036F6911DC5C6F800D6B922 /* CollectionBeautyCell.swift in Sources */ = {isa = PBXBuildFile; fileRef = A036F68F1DC5C6F800D6B922 /* CollectionBeautyCell.swift */; };
		A036F6921DC5C6F800D6B922 /* CollectionBeautyCell.xib in Resources */ = {isa = PBXBuildFile; fileRef = A036F6901DC5C6F800D6B922 /* CollectionBeautyCell.xib */; };
		A036F6951DC676D800D6B922 /* RecommandViewModel.swift in Sources */ = {isa = PBXBuildFile; fileRef = A036F6941DC676D800D6B922 /* RecommandViewModel.swift */; };
		A036F6971DC6770F00D6B922 /* NetworkTools.swift in Sources */ = {isa = PBXBuildFile; fileRef = A036F6961DC6770F00D6B922 /* NetworkTools.swift */; };
		A08063BA1DC9300200C79A7F /* CollectionBaseCell.swift in Sources */ = {isa = PBXBuildFile; fileRef = A08063B91DC9300200C79A7F /* CollectionBaseCell.swift */; };
		A08063BC1DC9385800C79A7F /* RecommandCycle.swift in Sources */ = {isa = PBXBuildFile; fileRef = A08063BB1DC9385800C79A7F /* RecommandCycle.swift */; };
		A08063BE1DC9387200C79A7F /* RecommandCycle.xib in Resources */ = {isa = PBXBuildFile; fileRef = A08063BD1DC9387200C79A7F /* RecommandCycle.xib */; };
		A0984E211DC1CD5F005EC46D /* AppDelegate.swift in Sources */ = {isa = PBXBuildFile; fileRef = A0984E201DC1CD5F005EC46D /* AppDelegate.swift */; };
		A0984E281DC1CD5F005EC46D /* Assets.xcassets in Resources */ = {isa = PBXBuildFile; fileRef = A0984E271DC1CD5F005EC46D /* Assets.xcassets */; };
		A0984E551DC26151005EC46D /* MainViewController.swift in Sources */ = {isa = PBXBuildFile; fileRef = A0984E541DC26151005EC46D /* MainViewController.swift */; };
		A0984E671DC2618D005EC46D /* Home.storyboard in Resources */ = {isa = PBXBuildFile; fileRef = A0984E651DC2618D005EC46D /* Home.storyboard */; };
		A0984E6A1DC26192005EC46D /* Follow.storyboard in Resources */ = {isa = PBXBuildFile; fileRef = A0984E681DC26192005EC46D /* Follow.storyboard */; };
		A0984E6D1DC26195005EC46D /* Live.storyboard in Resources */ = {isa = PBXBuildFile; fileRef = A0984E6B1DC26195005EC46D /* Live.storyboard */; };
		A0984E701DC26198005EC46D /* Me.storyboard in Resources */ = {isa = PBXBuildFile; fileRef = A0984E6E1DC26198005EC46D /* Me.storyboard */; };
		A0984E741DC26690005EC46D /* Main.storyboard in Resources */ = {isa = PBXBuildFile; fileRef = A0984E621DC26185005EC46D /* Main.storyboard */; };
		A0BF2FB61DC6D3C8009B7FCD /* NSDate-Extension.swift in Sources */ = {isa = PBXBuildFile; fileRef = A0BF2FB51DC6D3C8009B7FCD /* NSDate-Extension.swift */; };
		A0BF2FB81DC6FDDF009B7FCD /* AnchorGroup.swift in Sources */ = {isa = PBXBuildFile; fileRef = A0BF2FB71DC6FDDF009B7FCD /* AnchorGroup.swift */; };
		A0BF2FBA1DC7D02B009B7FCD /* AnchorModel.swift in Sources */ = {isa = PBXBuildFile; fileRef = A0BF2FB91DC7D02B009B7FCD /* AnchorModel.swift */; };
		A0FD8A041DC99A9D00285F57 /* CycleModel.swift in Sources */ = {isa = PBXBuildFile; fileRef = A0FD8A031DC99A9D00285F57 /* CycleModel.swift */; };
		FA0FED2E41FA4AEE314E5D41 /* Pods_DYZB.framework in Frameworks */ = {isa = PBXBuildFile; fileRef = CB00E65C1D2C13E7F29DDB5A /* Pods_DYZB.framework */; };
/* End PBXBuildFile section */

/* Begin PBXFileReference section */
		A036F67B1DC26D0800D6B922 /* UIBarButtonItem-Extension.swift */ = {isa = PBXFileReference; fileEncoding = 4; lastKnownFileType = sourcecode.swift; path = "UIBarButtonItem-Extension.swift"; sourceTree = "<group>"; };
		A036F67D1DC28BA100D6B922 /* PageTitleView.swift */ = {isa = PBXFileReference; fileEncoding = 4; lastKnownFileType = sourcecode.swift; path = PageTitleView.swift; sourceTree = "<group>"; };
		A036F67F1DC28D0C00D6B922 /* Common.swift */ = {isa = PBXFileReference; fileEncoding = 4; lastKnownFileType = sourcecode.swift; path = Common.swift; sourceTree = "<group>"; };
		A036F6811DC2C23000D6B922 /* PageContentView.swift */ = {isa = PBXFileReference; fileEncoding = 4; lastKnownFileType = sourcecode.swift; path = PageContentView.swift; sourceTree = "<group>"; };
		A036F6831DC2D35F00D6B922 /* UIColor-Extension.swift */ = {isa = PBXFileReference; fileEncoding = 4; lastKnownFileType = sourcecode.swift; path = "UIColor-Extension.swift"; sourceTree = "<group>"; };
		A036F6851DC5AA5D00D6B922 /* RecommandViewController.swift */ = {isa = PBXFileReference; fileEncoding = 4; lastKnownFileType = sourcecode.swift; path = RecommandViewController.swift; sourceTree = "<group>"; };
		A036F6871DC5B68B00D6B922 /* HeaderCollectionReusableView.swift */ = {isa = PBXFileReference; fileEncoding = 4; lastKnownFileType = sourcecode.swift; path = HeaderCollectionReusableView.swift; sourceTree = "<group>"; };
		A036F6881DC5B68B00D6B922 /* HeaderCollectionReusableView.xib */ = {isa = PBXFileReference; fileEncoding = 4; lastKnownFileType = file.xib; path = HeaderCollectionReusableView.xib; sourceTree = "<group>"; };
		A036F68B1DC5BF5500D6B922 /* CollectionNormalCell.swift */ = {isa = PBXFileReference; fileEncoding = 4; lastKnownFileType = sourcecode.swift; path = CollectionNormalCell.swift; sourceTree = "<group>"; };
		A036F68C1DC5BF5500D6B922 /* CollectionNormalCell.xib */ = {isa = PBXFileReference; fileEncoding = 4; lastKnownFileType = file.xib; path = CollectionNormalCell.xib; sourceTree = "<group>"; };
		A036F68F1DC5C6F800D6B922 /* CollectionBeautyCell.swift */ = {isa = PBXFileReference; fileEncoding = 4; lastKnownFileType = sourcecode.swift; path = CollectionBeautyCell.swift; sourceTree = "<group>"; };
		A036F6901DC5C6F800D6B922 /* CollectionBeautyCell.xib */ = {isa = PBXFileReference; fileEncoding = 4; lastKnownFileType = file.xib; path = CollectionBeautyCell.xib; sourceTree = "<group>"; };
		A036F6941DC676D800D6B922 /* RecommandViewModel.swift */ = {isa = PBXFileReference; fileEncoding = 4; lastKnownFileType = sourcecode.swift; path = RecommandViewModel.swift; sourceTree = "<group>"; };
		A036F6961DC6770F00D6B922 /* NetworkTools.swift */ = {isa = PBXFileReference; fileEncoding = 4; lastKnownFileType = sourcecode.swift; path = NetworkTools.swift; sourceTree = "<group>"; };
		A08063B91DC9300200C79A7F /* CollectionBaseCell.swift */ = {isa = PBXFileReference; fileEncoding = 4; lastKnownFileType = sourcecode.swift; path = CollectionBaseCell.swift; sourceTree = "<group>"; };
		A08063BB1DC9385800C79A7F /* RecommandCycle.swift */ = {isa = PBXFileReference; fileEncoding = 4; lastKnownFileType = sourcecode.swift; path = RecommandCycle.swift; sourceTree = "<group>"; };
		A08063BD1DC9387200C79A7F /* RecommandCycle.xib */ = {isa = PBXFileReference; fileEncoding = 4; lastKnownFileType = file.xib; path = RecommandCycle.xib; sourceTree = "<group>"; };
		A0984E1D1DC1CD5F005EC46D /* DYZB.app */ = {isa = PBXFileReference; explicitFileType = wrapper.application; includeInIndex = 0; path = DYZB.app; sourceTree = BUILT_PRODUCTS_DIR; };
		A0984E201DC1CD5F005EC46D /* AppDelegate.swift */ = {isa = PBXFileReference; lastKnownFileType = sourcecode.swift; path = AppDelegate.swift; sourceTree = "<group>"; };
		A0984E271DC1CD5F005EC46D /* Assets.xcassets */ = {isa = PBXFileReference; lastKnownFileType = folder.assetcatalog; path = Assets.xcassets; sourceTree = "<group>"; };
		A0984E2C1DC1CD5F005EC46D /* Info.plist */ = {isa = PBXFileReference; lastKnownFileType = text.plist.xml; path = Info.plist; sourceTree = "<group>"; };
		A0984E541DC26151005EC46D /* MainViewController.swift */ = {isa = PBXFileReference; fileEncoding = 4; lastKnownFileType = sourcecode.swift; path = MainViewController.swift; sourceTree = "<group>"; };
		A0984E631DC26185005EC46D /* Base */ = {isa = PBXFileReference; lastKnownFileType = file.storyboard; name = Base; path = DYZB/Base.lproj/Main.storyboard; sourceTree = SOURCE_ROOT; };
		A0984E661DC2618D005EC46D /* Base */ = {isa = PBXFileReference; lastKnownFileType = file.storyboard; name = Base; path = DYZB/Base.lproj/Home.storyboard; sourceTree = SOURCE_ROOT; };
		A0984E691DC26192005EC46D /* Base */ = {isa = PBXFileReference; lastKnownFileType = file.storyboard; name = Base; path = DYZB/Base.lproj/Follow.storyboard; sourceTree = SOURCE_ROOT; };
		A0984E6C1DC26195005EC46D /* Base */ = {isa = PBXFileReference; lastKnownFileType = file.storyboard; name = Base; path = DYZB/Base.lproj/Live.storyboard; sourceTree = SOURCE_ROOT; };
		A0984E6F1DC26198005EC46D /* Base */ = {isa = PBXFileReference; lastKnownFileType = file.storyboard; name = Base; path = DYZB/Base.lproj/Me.storyboard; sourceTree = SOURCE_ROOT; };
		A0984E711DC263EF005EC46D /* HomeViewController.swift */ = {isa = PBXFileReference; fileEncoding = 4; lastKnownFileType = sourcecode.swift; path = HomeViewController.swift; sourceTree = "<group>"; };
		A0BF2FB51DC6D3C8009B7FCD /* NSDate-Extension.swift */ = {isa = PBXFileReference; fileEncoding = 4; lastKnownFileType = sourcecode.swift; path = "NSDate-Extension.swift"; sourceTree = "<group>"; };
		A0BF2FB71DC6FDDF009B7FCD /* AnchorGroup.swift */ = {isa = PBXFileReference; fileEncoding = 4; lastKnownFileType = sourcecode.swift; path = AnchorGroup.swift; sourceTree = "<group>"; };
		A0BF2FB91DC7D02B009B7FCD /* AnchorModel.swift */ = {isa = PBXFileReference; fileEncoding = 4; lastKnownFileType = sourcecode.swift; path = AnchorModel.swift; sourceTree = "<group>"; };
		A0FD8A031DC99A9D00285F57 /* CycleModel.swift */ = {isa = PBXFileReference; fileEncoding = 4; lastKnownFileType = sourcecode.swift; path = CycleModel.swift; sourceTree = "<group>"; };
		C4784D1893999F97CA904DCF /* Pods-DYZB.debug.xcconfig */ = {isa = PBXFileReference; includeInIndex = 1; lastKnownFileType = text.xcconfig; name = "Pods-DYZB.debug.xcconfig"; path = "Pods/Target Support Files/Pods-DYZB/Pods-DYZB.debug.xcconfig"; sourceTree = "<group>"; };
		CB00E65C1D2C13E7F29DDB5A /* Pods_DYZB.framework */ = {isa = PBXFileReference; explicitFileType = wrapper.framework; includeInIndex = 0; path = Pods_DYZB.framework; sourceTree = BUILT_PRODUCTS_DIR; };
		EA2CD4B817FAD0F0371897D4 /* Pods-DYZB.release.xcconfig */ = {isa = PBXFileReference; includeInIndex = 1; lastKnownFileType = text.xcconfig; name = "Pods-DYZB.release.xcconfig"; path = "Pods/Target Support Files/Pods-DYZB/Pods-DYZB.release.xcconfig"; sourceTree = "<group>"; };
/* End PBXFileReference section */

/* Begin PBXFrameworksBuildPhase section */
		A0984E1A1DC1CD5F005EC46D /* Frameworks */ = {
			isa = PBXFrameworksBuildPhase;
			buildActionMask = 2147483647;
			files = (
				FA0FED2E41FA4AEE314E5D41 /* Pods_DYZB.framework in Frameworks */,
			);
			runOnlyForDeploymentPostprocessing = 0;
		};
/* End PBXFrameworksBuildPhase section */

/* Begin PBXGroup section */
		3D089E5CD7B3AC555937C2A2 /* Frameworks */ = {
			isa = PBXGroup;
			children = (
				CB00E65C1D2C13E7F29DDB5A /* Pods_DYZB.framework */,
			);
			name = Frameworks;
			sourceTree = "<group>";
		};
		62A495EE0185C2C3B6AFD4DA /* Pods */ = {
			isa = PBXGroup;
			children = (
				C4784D1893999F97CA904DCF /* Pods-DYZB.debug.xcconfig */,
				EA2CD4B817FAD0F0371897D4 /* Pods-DYZB.release.xcconfig */,
			);
			name = Pods;
			sourceTree = "<group>";
		};
		A036F67A1DC26CE800D6B922 /* Extension */ = {
			isa = PBXGroup;
			children = (
				A036F67B1DC26D0800D6B922 /* UIBarButtonItem-Extension.swift */,
				A036F6831DC2D35F00D6B922 /* UIColor-Extension.swift */,
				A0BF2FB51DC6D3C8009B7FCD /* NSDate-Extension.swift */,
			);
			path = Extension;
			sourceTree = "<group>";
		};
		A036F6931DC675F300D6B922 /* ViewModel */ = {
			isa = PBXGroup;
			children = (
				A036F6941DC676D800D6B922 /* RecommandViewModel.swift */,
			);
			path = ViewModel;
			sourceTree = "<group>";
		};
		A0984E141DC1CD5F005EC46D = {
			isa = PBXGroup;
			children = (
				A0984E1F1DC1CD5F005EC46D /* DYZB */,
				A0984E1E1DC1CD5F005EC46D /* Products */,
				62A495EE0185C2C3B6AFD4DA /* Pods */,
				3D089E5CD7B3AC555937C2A2 /* Frameworks */,
			);
			sourceTree = "<group>";
		};
		A0984E1E1DC1CD5F005EC46D /* Products */ = {
			isa = PBXGroup;
			children = (
				A0984E1D1DC1CD5F005EC46D /* DYZB.app */,
			);
			name = Products;
			sourceTree = "<group>";
		};
		A0984E1F1DC1CD5F005EC46D /* DYZB */ = {
			isa = PBXGroup;
			children = (
				A0984E321DC1D959005EC46D /* Class */,
				A0984E201DC1CD5F005EC46D /* AppDelegate.swift */,
				A0984E271DC1CD5F005EC46D /* Assets.xcassets */,
				A0984E2C1DC1CD5F005EC46D /* Info.plist */,
			);
			path = DYZB;
			sourceTree = "<group>";
		};
		A0984E321DC1D959005EC46D /* Class */ = {
			isa = PBXGroup;
			children = (
				A0984E361DC1D959005EC46D /* Main */,
				A0984E341DC1D959005EC46D /* Home */,
				A0984E331DC1D959005EC46D /* Follow */,
				A0984E351DC1D959005EC46D /* Live */,
				A0984E371DC1D959005EC46D /* Profile */,
				A0984E381DC1D959005EC46D /* Tools */,
			);
			path = Class;
			sourceTree = "<group>";
		};
		A0984E331DC1D959005EC46D /* Follow */ = {
			isa = PBXGroup;
			children = (
				A0984E681DC26192005EC46D /* Follow.storyboard */,
				A0984E591DC26166005EC46D /* Controller */,
				A0984E5A1DC26166005EC46D /* Model */,
				A0984E5B1DC26166005EC46D /* View */,
			);
			path = Follow;
			sourceTree = "<group>";
		};
		A0984E341DC1D959005EC46D /* Home */ = {
			isa = PBXGroup;
			children = (
				A0984E651DC2618D005EC46D /* Home.storyboard */,
				A036F6931DC675F300D6B922 /* ViewModel */,
				A0984E561DC2615F005EC46D /* Controller */,
				A0984E571DC2615F005EC46D /* Model */,
				A0984E581DC2615F005EC46D /* View */,
			);
			path = Home;
			sourceTree = "<group>";
		};
		A0984E351DC1D959005EC46D /* Live */ = {
			isa = PBXGroup;
			children = (
				A0984E6B1DC26195005EC46D /* Live.storyboard */,
				A0984E5C1DC2616D005EC46D /* Controller */,
				A0984E5D1DC2616D005EC46D /* Model */,
				A0984E5E1DC2616D005EC46D /* View */,
			);
			path = Live;
			sourceTree = "<group>";
		};
		A0984E361DC1D959005EC46D /* Main */ = {
			isa = PBXGroup;
			children = (
				A0984E621DC26185005EC46D /* Main.storyboard */,
				A0984E511DC2613A005EC46D /* Controller */,
				A0984E521DC2613A005EC46D /* Model */,
				A0984E531DC2613A005EC46D /* View */,
			);
			path = Main;
			sourceTree = "<group>";
		};
		A0984E371DC1D959005EC46D /* Profile */ = {
			isa = PBXGroup;
			children = (
				A0984E6E1DC26198005EC46D /* Me.storyboard */,
				A0984E5F1DC26175005EC46D /* Controller */,
				A0984E601DC26175005EC46D /* Model */,
				A0984E611DC26175005EC46D /* View */,
			);
			path = Profile;
			sourceTree = "<group>";
		};
		A0984E381DC1D959005EC46D /* Tools */ = {
			isa = PBXGroup;
			children = (
				A036F67A1DC26CE800D6B922 /* Extension */,
				A036F67F1DC28D0C00D6B922 /* Common.swift */,
				A036F6961DC6770F00D6B922 /* NetworkTools.swift */,
			);
			path = Tools;
			sourceTree = "<group>";
		};
		A0984E511DC2613A005EC46D /* Controller */ = {
			isa = PBXGroup;
			children = (
				A0984E541DC26151005EC46D /* MainViewController.swift */,
			);
			path = Controller;
			sourceTree = "<group>";
		};
		A0984E521DC2613A005EC46D /* Model */ = {
			isa = PBXGroup;
			children = (
				A0BF2FB71DC6FDDF009B7FCD /* AnchorGroup.swift */,
				A0BF2FB91DC7D02B009B7FCD /* AnchorModel.swift */,
			);
			path = Model;
			sourceTree = "<group>";
		};
		A0984E531DC2613A005EC46D /* View */ = {
			isa = PBXGroup;
			children = (
				A036F67D1DC28BA100D6B922 /* PageTitleView.swift */,
				A036F6811DC2C23000D6B922 /* PageContentView.swift */,
				A036F68B1DC5BF5500D6B922 /* CollectionNormalCell.swift */,
				A036F68C1DC5BF5500D6B922 /* CollectionNormalCell.xib */,
				A036F68F1DC5C6F800D6B922 /* CollectionBeautyCell.swift */,
				A036F6901DC5C6F800D6B922 /* CollectionBeautyCell.xib */,
				A08063B91DC9300200C79A7F /* CollectionBaseCell.swift */,
			);
			path = View;
			sourceTree = "<group>";
		};
		A0984E561DC2615F005EC46D /* Controller */ = {
			isa = PBXGroup;
			children = (
				A0984E711DC263EF005EC46D /* HomeViewController.swift */,
				A036F6851DC5AA5D00D6B922 /* RecommandViewController.swift */,
			);
			path = Controller;
			sourceTree = "<group>";
		};
		A0984E571DC2615F005EC46D /* Model */ = {
			isa = PBXGroup;
			children = (
				A0FD8A031DC99A9D00285F57 /* CycleModel.swift */,
			);
			path = Model;
			sourceTree = "<group>";
		};
		A0984E581DC2615F005EC46D /* View */ = {
			isa = PBXGroup;
			children = (
				A036F6871DC5B68B00D6B922 /* HeaderCollectionReusableView.swift */,
				A036F6881DC5B68B00D6B922 /* HeaderCollectionReusableView.xib */,
				A08063BB1DC9385800C79A7F /* RecommandCycle.swift */,
				A08063BD1DC9387200C79A7F /* RecommandCycle.xib */,
			);
			path = View;
			sourceTree = "<group>";
		};
		A0984E591DC26166005EC46D /* Controller */ = {
			isa = PBXGroup;
			children = (
			);
			path = Controller;
			sourceTree = "<group>";
		};
		A0984E5A1DC26166005EC46D /* Model */ = {
			isa = PBXGroup;
			children = (
			);
			path = Model;
			sourceTree = "<group>";
		};
		A0984E5B1DC26166005EC46D /* View */ = {
			isa = PBXGroup;
			children = (
			);
			path = View;
			sourceTree = "<group>";
		};
		A0984E5C1DC2616D005EC46D /* Controller */ = {
			isa = PBXGroup;
			children = (
			);
			path = Controller;
			sourceTree = "<group>";
		};
		A0984E5D1DC2616D005EC46D /* Model */ = {
			isa = PBXGroup;
			children = (
			);
			path = Model;
			sourceTree = "<group>";
		};
		A0984E5E1DC2616D005EC46D /* View */ = {
			isa = PBXGroup;
			children = (
			);
			path = View;
			sourceTree = "<group>";
		};
		A0984E5F1DC26175005EC46D /* Controller */ = {
			isa = PBXGroup;
			children = (
			);
			path = Controller;
			sourceTree = "<group>";
		};
		A0984E601DC26175005EC46D /* Model */ = {
			isa = PBXGroup;
			children = (
			);
			path = Model;
			sourceTree = "<group>";
		};
		A0984E611DC26175005EC46D /* View */ = {
			isa = PBXGroup;
			children = (
			);
			path = View;
			sourceTree = "<group>";
		};
/* End PBXGroup section */

/* Begin PBXNativeTarget section */
		A0984E1C1DC1CD5F005EC46D /* DYZB */ = {
			isa = PBXNativeTarget;
			buildConfigurationList = A0984E2F1DC1CD5F005EC46D /* Build configuration list for PBXNativeTarget "DYZB" */;
			buildPhases = (
				E33A036A267C680E65ED89DD /* [CP] Check Pods Manifest.lock */,
				A0984E191DC1CD5F005EC46D /* Sources */,
				A0984E1A1DC1CD5F005EC46D /* Frameworks */,
				A0984E1B1DC1CD5F005EC46D /* Resources */,
				B397140AD2004B4F9B2E5864 /* [CP] Embed Pods Frameworks */,
				ED804CCF3420FA5AC4DFBD8E /* [CP] Copy Pods Resources */,
			);
			buildRules = (
			);
			dependencies = (
			);
			name = DYZB;
			productName = DYZB;
			productReference = A0984E1D1DC1CD5F005EC46D /* DYZB.app */;
			productType = "com.apple.product-type.application";
		};
/* End PBXNativeTarget section */

/* Begin PBXProject section */
		A0984E151DC1CD5F005EC46D /* Project object */ = {
			isa = PBXProject;
			attributes = {
				LastSwiftUpdateCheck = 0800;
				LastUpgradeCheck = 0800;
				TargetAttributes = {
					A0984E1C1DC1CD5F005EC46D = {
						CreatedOnToolsVersion = 8.0;
						DevelopmentTeam = 7C9RPRE4T4;
						ProvisioningStyle = Automatic;
					};
				};
			};
			buildConfigurationList = A0984E181DC1CD5F005EC46D /* Build configuration list for PBXProject "DYZB" */;
			compatibilityVersion = "Xcode 3.2";
			developmentRegion = English;
			hasScannedForEncodings = 0;
			knownRegions = (
				en,
				Base,
			);
			mainGroup = A0984E141DC1CD5F005EC46D;
			productRefGroup = A0984E1E1DC1CD5F005EC46D /* Products */;
			projectDirPath = "";
			projectRoot = "";
			targets = (
				A0984E1C1DC1CD5F005EC46D /* DYZB */,
			);
		};
/* End PBXProject section */

/* Begin PBXResourcesBuildPhase section */
		A0984E1B1DC1CD5F005EC46D /* Resources */ = {
			isa = PBXResourcesBuildPhase;
			buildActionMask = 2147483647;
			files = (
				A036F68A1DC5B68B00D6B922 /* HeaderCollectionReusableView.xib in Resources */,
				A0984E671DC2618D005EC46D /* Home.storyboard in Resources */,
				A0984E281DC1CD5F005EC46D /* Assets.xcassets in Resources */,
				A08063BE1DC9387200C79A7F /* RecommandCycle.xib in Resources */,
				A0984E701DC26198005EC46D /* Me.storyboard in Resources */,
				A036F6921DC5C6F800D6B922 /* CollectionBeautyCell.xib in Resources */,
				A0984E741DC26690005EC46D /* Main.storyboard in Resources */,
				A0984E6D1DC26195005EC46D /* Live.storyboard in Resources */,
				A036F68E1DC5BF5500D6B922 /* CollectionNormalCell.xib in Resources */,
				A0984E6A1DC26192005EC46D /* Follow.storyboard in Resources */,
			);
			runOnlyForDeploymentPostprocessing = 0;
		};
/* End PBXResourcesBuildPhase section */

/* Begin PBXShellScriptBuildPhase section */
		B397140AD2004B4F9B2E5864 /* [CP] Embed Pods Frameworks */ = {
			isa = PBXShellScriptBuildPhase;
			buildActionMask = 2147483647;
			files = (
			);
			inputPaths = (
			);
			name = "[CP] Embed Pods Frameworks";
			outputPaths = (
			);
			runOnlyForDeploymentPostprocessing = 0;
			shellPath = /bin/sh;
			shellScript = "\"${SRCROOT}/Pods/Target Support Files/Pods-DYZB/Pods-DYZB-frameworks.sh\"\n";
			showEnvVarsInLog = 0;
		};
		E33A036A267C680E65ED89DD /* [CP] Check Pods Manifest.lock */ = {
			isa = PBXShellScriptBuildPhase;
			buildActionMask = 2147483647;
			files = (
			);
			inputPaths = (
			);
			name = "[CP] Check Pods Manifest.lock";
			outputPaths = (
			);
			runOnlyForDeploymentPostprocessing = 0;
			shellPath = /bin/sh;
			shellScript = "diff \"${PODS_ROOT}/../Podfile.lock\" \"${PODS_ROOT}/Manifest.lock\" > /dev/null\nif [ $? != 0 ] ; then\n    # print error to STDERR\n    echo \"error: The sandbox is not in sync with the Podfile.lock. Run 'pod install' or update your CocoaPods installation.\" >&2\n    exit 1\nfi\n";
			showEnvVarsInLog = 0;
		};
		ED804CCF3420FA5AC4DFBD8E /* [CP] Copy Pods Resources */ = {
			isa = PBXShellScriptBuildPhase;
			buildActionMask = 2147483647;
			files = (
			);
			inputPaths = (
			);
			name = "[CP] Copy Pods Resources";
			outputPaths = (
			);
			runOnlyForDeploymentPostprocessing = 0;
			shellPath = /bin/sh;
			shellScript = "\"${SRCROOT}/Pods/Target Support Files/Pods-DYZB/Pods-DYZB-resources.sh\"\n";
			showEnvVarsInLog = 0;
		};
/* End PBXShellScriptBuildPhase section */

/* Begin PBXSourcesBuildPhase section */
		A0984E191DC1CD5F005EC46D /* Sources */ = {
			isa = PBXSourcesBuildPhase;
			buildActionMask = 2147483647;
			files = (
				A036F6971DC6770F00D6B922 /* NetworkTools.swift in Sources */,
				A036F6951DC676D800D6B922 /* RecommandViewModel.swift in Sources */,
				A0984E211DC1CD5F005EC46D /* AppDelegate.swift in Sources */,
				A036F6841DC2D35F00D6B922 /* UIColor-Extension.swift in Sources */,
				A0BF2FB81DC6FDDF009B7FCD /* AnchorGroup.swift in Sources */,
				A036F67E1DC28BA100D6B922 /* PageTitleView.swift in Sources */,
				A036F6911DC5C6F800D6B922 /* CollectionBeautyCell.swift in Sources */,
				A036F67C1DC26D0800D6B922 /* UIBarButtonItem-Extension.swift in Sources */,
				A0FD8A041DC99A9D00285F57 /* CycleModel.swift in Sources */,
				A036F6821DC2C23000D6B922 /* PageContentView.swift in Sources */,
				A0984E551DC26151005EC46D /* MainViewController.swift in Sources */,
				A08063BC1DC9385800C79A7F /* RecommandCycle.swift in Sources */,
				A036F6801DC28D0C00D6B922 /* Common.swift in Sources */,
				A0BF2FB61DC6D3C8009B7FCD /* NSDate-Extension.swift in Sources */,
				A08063BA1DC9300200C79A7F /* CollectionBaseCell.swift in Sources */,
				A036F6861DC5AA5D00D6B922 /* RecommandViewController.swift in Sources */,
				A036F6891DC5B68B00D6B922 /* HeaderCollectionReusableView.swift in Sources */,
				A036F68D1DC5BF5500D6B922 /* CollectionNormalCell.swift in Sources */,
				A036F6791DC2697D00D6B922 /* HomeViewController.swift in Sources */,
				A0BF2FBA1DC7D02B009B7FCD /* AnchorModel.swift in Sources */,
			);
			runOnlyForDeploymentPostprocessing = 0;
		};
/* End PBXSourcesBuildPhase section */

/* Begin PBXVariantGroup section */
		A0984E621DC26185005EC46D /* Main.storyboard */ = {
			isa = PBXVariantGroup;
			children = (
				A0984E631DC26185005EC46D /* Base */,
			);
			name = Main.storyboard;
			sourceTree = "<group>";
		};
		A0984E651DC2618D005EC46D /* Home.storyboard */ = {
			isa = PBXVariantGroup;
			children = (
				A0984E661DC2618D005EC46D /* Base */,
			);
			name = Home.storyboard;
			sourceTree = "<group>";
		};
		A0984E681DC26192005EC46D /* Follow.storyboard */ = {
			isa = PBXVariantGroup;
			children = (
				A0984E691DC26192005EC46D /* Base */,
			);
			name = Follow.storyboard;
			sourceTree = "<group>";
		};
		A0984E6B1DC26195005EC46D /* Live.storyboard */ = {
			isa = PBXVariantGroup;
			children = (
				A0984E6C1DC26195005EC46D /* Base */,
			);
			name = Live.storyboard;
			sourceTree = "<group>";
		};
		A0984E6E1DC26198005EC46D /* Me.storyboard */ = {
			isa = PBXVariantGroup;
			children = (
				A0984E6F1DC26198005EC46D /* Base */,
			);
			name = Me.storyboard;
			sourceTree = "<group>";
		};
/* End PBXVariantGroup section */

/* Begin XCBuildConfiguration section */
		A0984E2D1DC1CD5F005EC46D /* Debug */ = {
			isa = XCBuildConfiguration;
			buildSettings = {
				ALWAYS_SEARCH_USER_PATHS = NO;
				CLANG_ANALYZER_NONNULL = YES;
				CLANG_CXX_LANGUAGE_STANDARD = "gnu++0x";
				CLANG_CXX_LIBRARY = "libc++";
				CLANG_ENABLE_MODULES = YES;
				CLANG_ENABLE_OBJC_ARC = YES;
				CLANG_WARN_BOOL_CONVERSION = YES;
				CLANG_WARN_CONSTANT_CONVERSION = YES;
				CLANG_WARN_DIRECT_OBJC_ISA_USAGE = YES_ERROR;
				CLANG_WARN_DOCUMENTATION_COMMENTS = YES;
				CLANG_WARN_EMPTY_BODY = YES;
				CLANG_WARN_ENUM_CONVERSION = YES;
				CLANG_WARN_INFINITE_RECURSION = YES;
				CLANG_WARN_INT_CONVERSION = YES;
				CLANG_WARN_OBJC_ROOT_CLASS = YES_ERROR;
				CLANG_WARN_SUSPICIOUS_MOVES = YES;
				CLANG_WARN_UNREACHABLE_CODE = YES;
				CLANG_WARN__DUPLICATE_METHOD_MATCH = YES;
				"CODE_SIGN_IDENTITY[sdk=iphoneos*]" = "iPhone Developer";
				COPY_PHASE_STRIP = NO;
				DEBUG_INFORMATION_FORMAT = dwarf;
				ENABLE_STRICT_OBJC_MSGSEND = YES;
				ENABLE_TESTABILITY = YES;
				GCC_C_LANGUAGE_STANDARD = gnu99;
				GCC_DYNAMIC_NO_PIC = NO;
				GCC_NO_COMMON_BLOCKS = YES;
				GCC_OPTIMIZATION_LEVEL = 0;
				GCC_PREPROCESSOR_DEFINITIONS = (
					"DEBUG=1",
					"$(inherited)",
				);
				GCC_WARN_64_TO_32_BIT_CONVERSION = YES;
				GCC_WARN_ABOUT_RETURN_TYPE = YES_ERROR;
				GCC_WARN_UNDECLARED_SELECTOR = YES;
				GCC_WARN_UNINITIALIZED_AUTOS = YES_AGGRESSIVE;
				GCC_WARN_UNUSED_FUNCTION = YES;
				GCC_WARN_UNUSED_VARIABLE = YES;
				IPHONEOS_DEPLOYMENT_TARGET = 10.0;
				MTL_ENABLE_DEBUG_INFO = YES;
				ONLY_ACTIVE_ARCH = YES;
				SDKROOT = iphoneos;
				SWIFT_ACTIVE_COMPILATION_CONDITIONS = DEBUG;
				SWIFT_OPTIMIZATION_LEVEL = "-Onone";
			};
			name = Debug;
		};
		A0984E2E1DC1CD5F005EC46D /* Release */ = {
			isa = XCBuildConfiguration;
			buildSettings = {
				ALWAYS_SEARCH_USER_PATHS = NO;
				CLANG_ANALYZER_NONNULL = YES;
				CLANG_CXX_LANGUAGE_STANDARD = "gnu++0x";
				CLANG_CXX_LIBRARY = "libc++";
				CLANG_ENABLE_MODULES = YES;
				CLANG_ENABLE_OBJC_ARC = YES;
				CLANG_WARN_BOOL_CONVERSION = YES;
				CLANG_WARN_CONSTANT_CONVERSION = YES;
				CLANG_WARN_DIRECT_OBJC_ISA_USAGE = YES_ERROR;
				CLANG_WARN_DOCUMENTATION_COMMENTS = YES;
				CLANG_WARN_EMPTY_BODY = YES;
				CLANG_WARN_ENUM_CONVERSION = YES;
				CLANG_WARN_INFINITE_RECURSION = YES;
				CLANG_WARN_INT_CONVERSION = YES;
				CLANG_WARN_OBJC_ROOT_CLASS = YES_ERROR;
				CLANG_WARN_SUSPICIOUS_MOVES = YES;
				CLANG_WARN_UNREACHABLE_CODE = YES;
				CLANG_WARN__DUPLICATE_METHOD_MATCH = YES;
				"CODE_SIGN_IDENTITY[sdk=iphoneos*]" = "iPhone Developer";
				COPY_PHASE_STRIP = NO;
				DEBUG_INFORMATION_FORMAT = "dwarf-with-dsym";
				ENABLE_NS_ASSERTIONS = NO;
				ENABLE_STRICT_OBJC_MSGSEND = YES;
				GCC_C_LANGUAGE_STANDARD = gnu99;
				GCC_NO_COMMON_BLOCKS = YES;
				GCC_WARN_64_TO_32_BIT_CONVERSION = YES;
				GCC_WARN_ABOUT_RETURN_TYPE = YES_ERROR;
				GCC_WARN_UNDECLARED_SELECTOR = YES;
				GCC_WARN_UNINITIALIZED_AUTOS = YES_AGGRESSIVE;
				GCC_WARN_UNUSED_FUNCTION = YES;
				GCC_WARN_UNUSED_VARIABLE = YES;
				IPHONEOS_DEPLOYMENT_TARGET = 10.0;
				MTL_ENABLE_DEBUG_INFO = NO;
				SDKROOT = iphoneos;
				SWIFT_OPTIMIZATION_LEVEL = "-Owholemodule";
				VALIDATE_PRODUCT = YES;
			};
			name = Release;
		};
		A0984E301DC1CD5F005EC46D /* Debug */ = {
			isa = XCBuildConfiguration;
			baseConfigurationReference = C4784D1893999F97CA904DCF /* Pods-DYZB.debug.xcconfig */;
			buildSettings = {
				ASSETCATALOG_COMPILER_APPICON_NAME = AppIcon;
				ASSETCATALOG_COMPILER_LAUNCHIMAGE_NAME = LaunchImage;
				DEVELOPMENT_TEAM = 7C9RPRE4T4;
				INFOPLIST_FILE = DYZB/Info.plist;
				IPHONEOS_DEPLOYMENT_TARGET = 9.0;
				LD_RUNPATH_SEARCH_PATHS = "$(inherited) @executable_path/Frameworks";
				PRODUCT_BUNDLE_IDENTIFIER = changcode.com.DYZB;
				PRODUCT_NAME = "$(TARGET_NAME)";
				SWIFT_VERSION = 3.0;
				TARGETED_DEVICE_FAMILY = 1;
			};
			name = Debug;
		};
		A0984E311DC1CD5F005EC46D /* Release */ = {
			isa = XCBuildConfiguration;
			baseConfigurationReference = EA2CD4B817FAD0F0371897D4 /* Pods-DYZB.release.xcconfig */;
			buildSettings = {
				ASSETCATALOG_COMPILER_APPICON_NAME = AppIcon;
				ASSETCATALOG_COMPILER_LAUNCHIMAGE_NAME = LaunchImage;
				DEVELOPMENT_TEAM = 7C9RPRE4T4;
				INFOPLIST_FILE = DYZB/Info.plist;
				IPHONEOS_DEPLOYMENT_TARGET = 9.0;
				LD_RUNPATH_SEARCH_PATHS = "$(inherited) @executable_path/Frameworks";
				PRODUCT_BUNDLE_IDENTIFIER = changcode.com.DYZB;
				PRODUCT_NAME = "$(TARGET_NAME)";
				SWIFT_VERSION = 3.0;
				TARGETED_DEVICE_FAMILY = 1;
			};
			name = Release;
		};
/* End XCBuildConfiguration section */

/* Begin XCConfigurationList section */
		A0984E181DC1CD5F005EC46D /* Build configuration list for PBXProject "DYZB" */ = {
			isa = XCConfigurationList;
			buildConfigurations = (
				A0984E2D1DC1CD5F005EC46D /* Debug */,
				A0984E2E1DC1CD5F005EC46D /* Release */,
			);
			defaultConfigurationIsVisible = 0;
			defaultConfigurationName = Release;
		};
		A0984E2F1DC1CD5F005EC46D /* Build configuration list for PBXNativeTarget "DYZB" */ = {
			isa = XCConfigurationList;
			buildConfigurations = (
				A0984E301DC1CD5F005EC46D /* Debug */,
				A0984E311DC1CD5F005EC46D /* Release */,
			);
			defaultConfigurationIsVisible = 0;
			defaultConfigurationName = Release;
		};
/* End XCConfigurationList section */
	};
	rootObject = A0984E151DC1CD5F005EC46D /* Project object */;
}
